<?xml version="1.0" encoding="utf-8"?>
<Project ToolsVersion="4.0" xmlns="http://schemas.microsoft.com/developer/msbuild/2003">
  <ItemGroup>
    <Filter Include="Source Files">
      <UniqueIdentifier>{4FC737F1-C7A5-4376-A066-2A32D752A2FF}</UniqueIdentifier>
      <Extensions>cpp;c;cc;cxx;def;odl;idl;hpj;bat;asm;asmx</Extensions>
    </Filter>
    <Filter Include="Header Files">
      <UniqueIdentifier>{93995380-89BD-4b04-88EB-625FBE52EBFB}</UniqueIdentifier>
      <Extensions>h;hh;hpp;hxx;hm;inl;inc;xsd</Extensions>
    </Filter>
    <Filter Include="Resource Files">
      <UniqueIdentifier>{67DA6AB6-F800-4c08-8B7A-83BB121AAD01}</UniqueIdentifier>
      <Extensions>rc;ico;cur;bmp;dlg;rc2;rct;bin;rgs;gif;jpg;jpeg;jpe;resx;tiff;tif;png;wav</Extensions>
    </Filter>
  </ItemGroup>
  <ItemGroup>
    <ClCompile Include="Camera.cpp">
      <Filter>Source Files</Filter>
    </ClCompile>
    <ClCompile Include="Color.cpp">
      <Filter>Source Files</Filter>
    </ClCompile>
    <ClCompile Include="DrawableObject.cpp">
      <Filter>Source Files</Filter>
    </ClCompile>
    <ClCompile Include="Light.cpp">
      <Filter>Source Files</Filter>
    </ClCompile>
    <ClCompile Include="main.cpp">
      <Filter>Source Files</Filter>
    </ClCompile>
    <ClCompile Include="MaterialProperties.cpp">
      <Filter>Source Files</Filter>
    </ClCompile>
    <ClCompile Include="Plane.cpp">
      <Filter>Source Files</Filter>
    </ClCompile>
    <ClCompile Include="Point3.cpp">
      <Filter>Source Files</Filter>
    </ClCompile>
    <ClCompile Include="Ray.cpp">
      <Filter>Source Files</Filter>
    </ClCompile>
    <ClCompile Include="Sphere.cpp">
      <Filter>Source Files</Filter>
    </ClCompile>
    <ClCompile Include="TaperedCylinder.cpp">
      <Filter>Source Files</Filter>
    </ClCompile>
    <ClCompile Include="Vector3.cpp">
      <Filter>Source Files</Filter>
    </ClCompile>
    <ClCompile Include="Window.cpp">
      <Filter>Source Files</Filter>
    </ClCompile>
  </ItemGroup>
  <ItemGroup>
    <ClInclude Include="utils.h">
      <Filter>Header Files</Filter>
    </ClInclude>
    <ClInclude Include="Camera.hpp">
      <Filter>Header Files</Filter>
    </ClInclude>
    <ClInclude Include="Color.hpp">
      <Filter>Header Files</Filter>
    </ClInclude>
    <ClInclude Include="DrawableObject.hpp">
      <Filter>Header Files</Filter>
    </ClInclude>
    <ClInclude Include="Light.hpp">
      <Filter>Header Files</Filter>
    </ClInclude>
    <ClInclude Include="MaterialProperties.hpp">
      <Filter>Header Files</Filter>
    </ClInclude>
    <ClInclude Include="Plane.hpp">
      <Filter>Header Files</Filter>
    </ClInclude>
    <ClInclude Include="Point3.hpp">
      <Filter>Header Files</Filter>
    </ClInclude>
    <ClInclude Include="Ray.hpp">
      <Filter>Header Files</Filter>
    </ClInclude>
    <ClInclude Include="Sphere.hpp">
      <Filter>Header Files</Filter>
    </ClInclude>
    <ClInclude Include="TaperedCylinder (1).hpp">
      <Filter>Header Files</Filter>
    </ClInclude>
    <ClInclude Include="TaperedCylinder.hpp">
      <Filter>Header Files</Filter>
    </ClInclude>
    <ClInclude Include="Vector3.hpp">
      <Filter>Header Files</Filter>
    </ClInclude>
    <ClInclude Include="Window.hpp">
      <Filter>Header Files</Filter>
    </ClInclude>
    <ClInclude Include="glut.framework\versions\a\headers\copy.h">
      <Filter>Header Files</Filter>
    </ClInclude>
    <ClInclude Include="glut.framework\versions\a\headers\extrude.h">
      <Filter>Header Files</Filter>
    </ClInclude>
    <ClInclude Include="glut.framework\versions\a\headers\glsmap.h">
      <Filter>Header Files</Filter>
    </ClInclude>
    <ClInclude Include="glut.framework\versions\a\headers\glsmapint.h">
      <Filter>Header Files</Filter>
    </ClInclude>
    <ClInclude Include="glut.framework\versions\a\headers\glut.h">
      <Filter>Header Files</Filter>
    </ClInclude>
    <ClInclude Include="glut.framework\versions\a\headers\glutbitmap.h">
      <Filter>Header Files</Filter>
    </ClInclude>
    <ClInclude Include="glut.framework\versions\a\headers\glutf90.h">
      <Filter>Header Files</Filter>
    </ClInclude>
    <ClInclude Include="glut.framework\versions\a\headers\glutstroke.h">
      <Filter>Header Files</Filter>
    </ClInclude>
    <ClInclude Include="glut.framework\versions\a\headers\gutil.h">
      <Filter>Header Files</Filter>
    </ClInclude>
    <ClInclude Include="glut.framework\versions\a\headers\intersect.h">
      <Filter>Header Files</Filter>
    </ClInclude>
    <ClInclude Include="glut.framework\versions\a\headers\port.h">
      <Filter>Header Files</Filter>
    </ClInclude>
    <ClInclude Include="glut.framework\versions\a\headers\rot.h">
      <Filter>Header Files</Filter>
    </ClInclude>
    <ClInclude Include="glut.framework\versions\a\headers\segment.h">
      <Filter>Header Files</Filter>
    </ClInclude>
    <ClInclude Include="glut.framework\versions\a\headers\tube.h">
      <Filter>Header Files</Filter>
    </ClInclude>
    <ClInclude Include="glut.framework\versions\a\headers\tube_gc.h">
      <Filter>Header Files</Filter>
    </ClInclude>
    <ClInclude Include="glut.framework\versions\a\headers\vvector.h">
      <Filter>Header Files</Filter>
    </ClInclude>
    <ClInclude Include="opengl.framework\versions\a\headers\CGLContext.h">
      <Filter>Header Files</Filter>
    </ClInclude>
    <ClInclude Include="opengl.framework\versions\a\headers\CGLCurrent.h">
      <Filter>Header Files</Filter>
    </ClInclude>
    <ClInclude Include="opengl.framework\versions\a\headers\CGLMacro.h">
      <Filter>Header Files</Filter>
    </ClInclude>
    <ClInclude Include="opengl.framework\versions\a\headers\CGLProfiler.h">
      <Filter>Header Files</Filter>
    </ClInclude>
    <ClInclude Include="opengl.framework\versions\a\headers\CGLProfilerFunctionEnum.h">
      <Filter>Header Files</Filter>
    </ClInclude>
    <ClInclude Include="opengl.framework\versions\a\headers\CGLRenderers.h">
      <Filter>Header Files</Filter>
    </ClInclude>
    <ClInclude Include="opengl.framework\versions\a\headers\CGLTypes.h">
      <Filter>Header Files</Filter>
    </ClInclude>
    <ClInclude Include="opengl.framework\versions\a\headers\gl.h">
      <Filter>Header Files</Filter>
    </ClInclude>
    <ClInclude Include="opengl.framework\versions\a\headers\glext.h">
      <Filter>Header Files</Filter>
    </ClInclude>
    <ClInclude Include="opengl.framework\versions\a\headers\gliContext.h">
      <Filter>Header Files</Filter>
    </ClInclude>
    <ClInclude Include="opengl.framework\versions\a\headers\gliDispatch.h">
      <Filter>Header Files</Filter>
    </ClInclude>
    <ClInclude Include="opengl.framework\versions\a\headers\glu.h">
      <Filter>Header Files</Filter>
    </ClInclude>
    <ClInclude Include="opengl.framework\versions\a\headers\gluContext.h">
      <Filter>Header Files</Filter>
    </ClInclude>
    <ClInclude Include="opengl.framework\versions\a\headers\gluMacro.h">
      <Filter>Header Files</Filter>
    </ClInclude>
    <ClInclude Include="opengl.framework\versions\a\headers\OpenGL.h">
      <Filter>Header Files</Filter>
    </ClInclude>
  </ItemGroup>
  <ItemGroup>
    <None Include="packages.config" />
    <None Include="README.md" />
  </ItemGroup>
</Project>